<?xml version="1.0" encoding="utf-8"?>
<Project ToolsVersion="4.0" xmlns="http://schemas.microsoft.com/developer/msbuild/2003">
  <ItemGroup>
    <Filter Include="src">
      <UniqueIdentifier>{82AE342B-22D1-DC4F-B210-4A89797056B5}</UniqueIdentifier>
    </Filter>
    <Filter Include="src\perf_test">
      <UniqueIdentifier>{1E7F48F0-C9DC-9B44-868F-B7E32D3A70F2}</UniqueIdentifier>
    </Filter>
    <Filter Include="src\common">
      <UniqueIdentifier>{F1557C0E-37D5-D74B-A838-885437AB4BC7}</UniqueIdentifier>
    </Filter>
  </ItemGroup>
  <ItemGroup>
    <ClCompile Include="..\..\src\perf_test\test_perf_SOIL2.cpp">
      <Filter>src\perf_test</Filter>
    </ClCompile>
    <ClCompile Include="..\..\src\common\common.cpp">
      <Filter>src\common</Filter>
    </ClCompile>
  </ItemGroup>
</Project>
