<?xml version="1.0" encoding="utf-8"?>
<Project ToolsVersion="4.0" xmlns="http://schemas.microsoft.com/developer/msbuild/2003">
  <ItemGroup>
    <Filter Include="src">
      <UniqueIdentifier>{B1DB597F-7C90-4D42-B884-02FE95B4B15E}</UniqueIdentifier>
    </Filter>
    <Filter Include="src\SOIL2">
      <UniqueIdentifier>{22D04D15-386D-F343-A18A-1C261F2AF9F2}</UniqueIdentifier>
    </Filter>
  </ItemGroup>
  <ItemGroup>
    <ClCompile Include="..\..\src\SOIL2\etc1_utils.c">
      <Filter>src\SOIL2</Filter>
    </ClCompile>
    <ClCompile Include="..\..\src\SOIL2\image_DXT.c">
      <Filter>src\SOIL2</Filter>
    </ClCompile>
    <ClCompile Include="..\..\src\SOIL2\image_helper.c">
      <Filter>src\SOIL2</Filter>
    </ClCompile>
    <ClCompile Include="..\..\src\SOIL2\SOIL2.c">
      <Filter>src\SOIL2</Filter>
    </ClCompile>
  </ItemGroup>
</Project>
